<?xml version="1.0" encoding="utf-8"?>
<Project ToolsVersion="4.0" xmlns="http://schemas.microsoft.com/developer/msbuild/2003">
  <ItemGroup>
    <Filter Include="Fichiers de ressources">
      <UniqueIdentifier>{67DA6AB6-F800-4c08-8B7A-83BB121AAD01}</UniqueIdentifier>
      <Extensions>rc;ico;cur;bmp;dlg;rc2;rct;bin;rgs;gif;jpg;jpeg;jpe;resx;tiff;tif;png;wav;mfcribbon-ms</Extensions>
    </Filter>
    <Filter Include="UI">
      <UniqueIdentifier>{f517db65-86c5-4e54-997b-9d995664d9dd}</UniqueIdentifier>
    </Filter>
    <Filter Include="UI\Headers">
      <UniqueIdentifier>{1992edaf-09e9-43f2-8db9-9a835c7084b4}</UniqueIdentifier>
    </Filter>
    <Filter Include="UI\Sources">
      <UniqueIdentifier>{b109a7bb-2587-4f16-9b0a-ab6c3705b477}</UniqueIdentifier>
    </Filter>
    <Filter Include="GameStates">
      <UniqueIdentifier>{e588a914-ca32-4084-9319-8886563a2638}</UniqueIdentifier>
    </Filter>
    <Filter Include="GameStates\Sources">
      <UniqueIdentifier>{a62f299a-5f21-4bba-902e-b44aa229991b}</UniqueIdentifier>
    </Filter>
    <Filter Include="Debug">
      <UniqueIdentifier>{6afeadd8-a89c-4d49-9c49-c199eee060a3}</UniqueIdentifier>
    </Filter>
    <Filter Include="GameStates\Headers">
      <UniqueIdentifier>{0ab92eb7-6027-424b-baab-52101d7d67bc}</UniqueIdentifier>
    </Filter>
    <Filter Include="Debug\Headers">
      <UniqueIdentifier>{95bdcee4-bd24-4d6f-b525-c93aa90605f4}</UniqueIdentifier>
    </Filter>
    <Filter Include="Debug\Sources">
      <UniqueIdentifier>{a2550563-fe4b-4775-a248-2afae2c7d8ef}</UniqueIdentifier>
    </Filter>
    <Filter Include="Core">
      <UniqueIdentifier>{92fb6795-ee5e-4de9-a7b0-e85b3a55ba60}</UniqueIdentifier>
    </Filter>
    <Filter Include="Core\Headers">
      <UniqueIdentifier>{18355e61-aeda-4733-89f3-0482fe5ead19}</UniqueIdentifier>
    </Filter>
    <Filter Include="Core\Sources">
      <UniqueIdentifier>{afa2e3e0-623d-4c64-bbc3-b7cf712977d6}</UniqueIdentifier>
    </Filter>
    <Filter Include="Base">
      <UniqueIdentifier>{93995380-89BD-4b04-88EB-625FBE52EBFB}</UniqueIdentifier>
      <Extensions>h;hh;hpp;hxx;hm;inl;inc;ipp;xsd</Extensions>
    </Filter>
  </ItemGroup>
  <ItemGroup>
    <ClCompile Include="AssignOrderPrompt.cpp">
      <Filter>UI\Sources</Filter>
    </ClCompile>
    <ClCompile Include="BoardPiece.cpp">
      <Filter>UI\Sources</Filter>
    </ClCompile>
    <ClCompile Include="ChoicePrompt.cpp">
      <Filter>UI\Sources</Filter>
    </ClCompile>
    <ClCompile Include="GraphicElement.cpp">
      <Filter>UI\Sources</Filter>
    </ClCompile>
    <ClCompile Include="SelectionPrompt.cpp">
      <Filter>UI\Sources</Filter>
    </ClCompile>
    <ClCompile Include="ValidationPrompt.cpp">
      <Filter>UI\Sources</Filter>
    </ClCompile>
    <ClCompile Include="WindowElement.cpp">
      <Filter>UI\Sources</Filter>
    </ClCompile>
    <ClCompile Include="WindowPrompt.cpp">
      <Filter>UI\Sources</Filter>
    </ClCompile>
    <ClCompile Include="ActionPhase.cpp">
      <Filter>GameStates\Sources</Filter>
    </ClCompile>
    <ClCompile Include="AssignOrdersState.cpp">
      <Filter>GameStates\Sources</Filter>
    </ClCompile>
    <ClCompile Include="GameState.cpp">
      <Filter>GameStates\Sources</Filter>
    </ClCompile>
    <ClCompile Include="PlanningPhase.cpp">
      <Filter>GameStates\Sources</Filter>
    </ClCompile>
    <ClCompile Include="RevealOrdersState.cpp">
      <Filter>GameStates\Sources</Filter>
    </ClCompile>
    <ClCompile Include="WesterosPhase.cpp">
      <Filter>GameStates\Sources</Filter>
    </ClCompile>
    <ClCompile Include="Tdf_Debug.cpp">
      <Filter>Debug\Sources</Filter>
    </ClCompile>
    <ClCompile Include="AddOrderDebugPrompt.cpp">
      <Filter>Debug\Sources</Filter>
    </ClCompile>
    <ClCompile Include="AddUnitDebugPrompt.cpp">
      <Filter>Debug\Sources</Filter>
    </ClCompile>
    <ClCompile Include="Button.cpp">
      <Filter>UI\Sources</Filter>
    </ClCompile>
    <ClCompile Include="LabelEditor.cpp">
      <Filter>UI\Sources</Filter>
    </ClCompile>
    <ClCompile Include="Board.cpp">
      <Filter>Core\Sources</Filter>
    </ClCompile>
    <ClCompile Include="Engine.cpp">
      <Filter>Core\Sources</Filter>
    </ClCompile>
    <ClCompile Include="Game.cpp">
      <Filter>Core\Sources</Filter>
    </ClCompile>
    <ClCompile Include="Player.cpp">
      <Filter>Core\Sources</Filter>
    </ClCompile>
    <ClCompile Include="Main.cpp">
      <Filter>Base</Filter>
    </ClCompile>
    <ClCompile Include="RavenChoiceState.cpp">
      <Filter>GameStates\Sources</Filter>
    </ClCompile>
    <ClCompile Include="AdjacentAreaDebugPrompt.cpp">
      <Filter>Debug\Sources</Filter>
    </ClCompile>
    <ClCompile Include="PlayRaidState.cpp">
      <Filter>GameStates\Sources</Filter>
    </ClCompile>
    <ClCompile Include="PlayMarchState.cpp">
      <Filter>GameStates\Sources</Filter>
    </ClCompile>
    <ClCompile Include="MarchMovementsPrompt.cpp">
      <Filter>UI\Sources</Filter>
    </ClCompile>
    <ClCompile Include="DefineMovementPrompt.cpp">
      <Filter>UI\Sources</Filter>
    </ClCompile>
  </ItemGroup>
  <ItemGroup>
    <ClInclude Include="Tdf_Defs.h">
      <Filter>Base</Filter>
    </ClInclude>
    <ClInclude Include="resource.h">
      <Filter>Base</Filter>
    </ClInclude>
    <ClInclude Include="AssignOrderPrompt.h">
      <Filter>UI\Headers</Filter>
    </ClInclude>
    <ClInclude Include="BoardPiece.h">
      <Filter>UI\Headers</Filter>
    </ClInclude>
    <ClInclude Include="ChoicePrompt.h">
      <Filter>UI\Headers</Filter>
    </ClInclude>
    <ClInclude Include="GraphicElement.h">
      <Filter>UI\Headers</Filter>
    </ClInclude>
    <ClInclude Include="SelectionPrompt.h">
      <Filter>UI\Headers</Filter>
    </ClInclude>
    <ClInclude Include="WindowElement.h">
      <Filter>UI\Headers</Filter>
    </ClInclude>
    <ClInclude Include="ValidationPrompt.h">
      <Filter>UI\Headers</Filter>
    </ClInclude>
    <ClInclude Include="WindowPrompt.h">
      <Filter>UI\Headers</Filter>
    </ClInclude>
    <ClInclude Include="ActionPhase.h">
      <Filter>GameStates\Headers</Filter>
    </ClInclude>
    <ClInclude Include="AssignOrdersState.h">
      <Filter>GameStates\Headers</Filter>
    </ClInclude>
    <ClInclude Include="GameState.h">
      <Filter>GameStates\Headers</Filter>
    </ClInclude>
    <ClInclude Include="PlanningPhase.h">
      <Filter>GameStates\Headers</Filter>
    </ClInclude>
    <ClInclude Include="RevealOrdersState.h">
      <Filter>GameStates\Headers</Filter>
    </ClInclude>
    <ClInclude Include="WesterosPhase.h">
      <Filter>GameStates\Headers</Filter>
    </ClInclude>
    <ClInclude Include="AddOrderDebugPrompt.h">
      <Filter>Debug\Headers</Filter>
    </ClInclude>
    <ClInclude Include="AddUnitDebugPrompt.h">
      <Filter>Debug\Headers</Filter>
    </ClInclude>
    <ClInclude Include="Tdf_Debug.h">
      <Filter>Debug\Headers</Filter>
    </ClInclude>
    <ClInclude Include="Button.h">
      <Filter>UI\Headers</Filter>
    </ClInclude>
    <ClInclude Include="LabelEditor.h">
      <Filter>UI\Headers</Filter>
    </ClInclude>
    <ClInclude Include="Board.h">
      <Filter>Core\Headers</Filter>
    </ClInclude>
    <ClInclude Include="Player.h">
      <Filter>Core\Headers</Filter>
    </ClInclude>
    <ClInclude Include="Game.h">
      <Filter>Core\Headers</Filter>
    </ClInclude>
    <ClInclude Include="Engine.h">
      <Filter>Core\Headers</Filter>
    </ClInclude>
    <ClInclude Include="RavenChoiceState.h">
      <Filter>GameStates\Headers</Filter>
    </ClInclude>
    <ClInclude Include="AdjacentAreaDebugPrompt.h">
      <Filter>Debug\Headers</Filter>
    </ClInclude>
    <ClInclude Include="PlayMarchState.h">
      <Filter>GameStates\Headers</Filter>
    </ClInclude>
    <ClInclude Include="PlayRaidState.h">
      <Filter>GameStates\Headers</Filter>
    </ClInclude>
    <ClInclude Include="MarchMovementsPrompt.h">
      <Filter>UI\Headers</Filter>
    </ClInclude>
    <ClInclude Include="DefineMovementPrompt.h">
      <Filter>UI\Headers</Filter>
    </ClInclude>
  </ItemGroup>
  <ItemGroup>
    <ResourceCompile Include="SecretProject.rc">
      <Filter>Fichiers de ressources</Filter>
    </ResourceCompile>
  </ItemGroup>
</Project>